
Microsoft Visual Studio Solution File, Format Version 12.00
# Visual Studio Version 16
VisualStudioVersion = 16.0.30114.105
MinimumVisualStudioVersion = 10.0.40219.1
Project("{9A19103F-16F7-4668-BE54-9A1E7A4F7556}") = "SerializationBenchmak", "SerializationBenchmak.csproj", "{B5FC649D-FD35-4A15-82F6-B62D39FBB208}"
EndProject
Project("{2150E333-8FDC-42A3-9474-1A3956D46DE8}") = "Solution Items", "Solution Items", "{7FF87E7D-3565-405D-BCD5-E178DB5986E3}"
EndProject
Global
	GlobalSection(SolutionConfigurationPlatforms) = preSolution
		Debug|Any CPU = Debug|Any CPU
		Release|Any CPU = Release|Any CPU
	EndGlobalSection
	GlobalSection(ProjectConfigurationPlatforms) = postSolution
		{B5FC649D-FD35-4A15-82F6-B62D39FBB208}.Debug|Any CPU.ActiveCfg = Debug|Any CPU
		{B5FC649D-FD35-4A15-82F6-B62D39FBB208}.Debug|Any CPU.Build.0 = Debug|Any CPU
		{B5FC649D-FD35-4A15-82F6-B62D39FBB208}.Release|Any CPU.ActiveCfg = Release|Any CPU
		{B5FC649D-FD35-4A15-82F6-B62D39FBB208}.Release|Any CPU.Build.0 = Release|Any CPU
	EndGlobalSection
	GlobalSection(SolutionProperties) = preSolution
		HideSolutionNode = FALSE
	EndGlobalSection
	GlobalSection(ExtensibilityGlobals) = postSolution
		SolutionGuid = {F42E4951-D758-4031-B68E-ED376D4238BF}
	EndGlobalSection
EndGlobal
